
Microsoft Visual Studio Solution File, Format Version 12.00
# Visual Studio 15
VisualStudioVersion = 15.0.27130.2026
MinimumVisualStudioVersion = 10.0.40219.1
Project("{FAE04EC0-301F-11D3-BF4B-00C04F79EFBC}") = "VKSearcher", "VKSearcher\VKSearcher.csproj", "{55F31FA1-4548-4625-9E94-69C104151B5A}"
EndProject
Project("{FAE04EC0-301F-11D3-BF4B-00C04F79EFBC}") = "VKSearcher.Tests", "VKSearcher.Tests\VKSearcher.Tests.csproj", "{866AE6E5-576B-4D60-8F3C-DD7EC78B5E66}"
EndProject
Global
	GlobalSection(SolutionConfigurationPlatforms) = preSolution
		Debug|Any CPU = Debug|Any CPU
		Release|Any CPU = Release|Any CPU
	EndGlobalSection
	GlobalSection(ProjectConfigurationPlatforms) = postSolution
		{55F31FA1-4548-4625-9E94-69C104151B5A}.Debug|Any CPU.ActiveCfg = Debug|Any CPU
		{55F31FA1-4548-4625-9E94-69C104151B5A}.Debug|Any CPU.Build.0 = Debug|Any CPU
		{55F31FA1-4548-4625-9E94-69C104151B5A}.Release|Any CPU.ActiveCfg = Release|Any CPU
		{55F31FA1-4548-4625-9E94-69C104151B5A}.Release|Any CPU.Build.0 = Release|Any CPU
		{866AE6E5-576B-4D60-8F3C-DD7EC78B5E66}.Debug|Any CPU.ActiveCfg = Debug|Any CPU
		{866AE6E5-576B-4D60-8F3C-DD7EC78B5E66}.Debug|Any CPU.Build.0 = Debug|Any CPU
		{866AE6E5-576B-4D60-8F3C-DD7EC78B5E66}.Release|Any CPU.ActiveCfg = Release|Any CPU
		{866AE6E5-576B-4D60-8F3C-DD7EC78B5E66}.Release|Any CPU.Build.0 = Release|Any CPU
	EndGlobalSection
	GlobalSection(SolutionProperties) = preSolution
		HideSolutionNode = FALSE
	EndGlobalSection
	GlobalSection(ExtensibilityGlobals) = postSolution
		SolutionGuid = {0CB6413B-6479-406D-B7D6-9E831AB4FB8C}
	EndGlobalSection
EndGlobal
